// !$*UTF8*$!
{
	archiveVersion = 1;
	classes = {
	};
	objectVersion = 56;
	objects = {

/* Begin PBXBuildFile section */
		4FED61F62A9C7DC700C7A50D /* AppDelegate.swift in Sources */ = {isa = PBXBuildFile; fileRef = 4FED61F52A9C7DC700C7A50D /* AppDelegate.swift */; };
		4FED61F82A9C7DC700C7A50D /* SceneDelegate.swift in Sources */ = {isa = PBXBuildFile; fileRef = 4FED61F72A9C7DC700C7A50D /* SceneDelegate.swift */; };
		4FED61FA2A9C7DC700C7A50D /* ViewController.swift in Sources */ = {isa = PBXBuildFile; fileRef = 4FED61F92A9C7DC700C7A50D /* ViewController.swift */; };
		4FED61FD2A9C7DC700C7A50D /* Main.storyboard in Resources */ = {isa = PBXBuildFile; fileRef = 4FED61FB2A9C7DC700C7A50D /* Main.storyboard */; };
		4FED61FF2A9C7DC800C7A50D /* Assets.xcassets in Resources */ = {isa = PBXBuildFile; fileRef = 4FED61FE2A9C7DC800C7A50D /* Assets.xcassets */; };
		4FED62022A9C7DC800C7A50D /* LaunchScreen.storyboard in Resources */ = {isa = PBXBuildFile; fileRef = 4FED62002A9C7DC800C7A50D /* LaunchScreen.storyboard */; };
		4FED620D2A9C7DC800C7A50D /* CodePathPreWorkTests.swift in Sources */ = {isa = PBXBuildFile; fileRef = 4FED620C2A9C7DC800C7A50D /* CodePathPreWorkTests.swift */; };
		4FED62172A9C7DC800C7A50D /* CodePathPreWorkUITests.swift in Sources */ = {isa = PBXBuildFile; fileRef = 4FED62162A9C7DC800C7A50D /* CodePathPreWorkUITests.swift */; };
		4FED62192A9C7DC800C7A50D /* CodePathPreWorkUITestsLaunchTests.swift in Sources */ = {isa = PBXBuildFile; fileRef = 4FED62182A9C7DC800C7A50D /* CodePathPreWorkUITestsLaunchTests.swift */; };
/* End PBXBuildFile section */

/* Begin PBXContainerItemProxy section */
		4FED62092A9C7DC800C7A50D /* PBXContainerItemProxy */ = {
			isa = PBXContainerItemProxy;
			containerPortal = 4FED61EA2A9C7DC700C7A50D /* Project object */;
			proxyType = 1;
			remoteGlobalIDString = 4FED61F12A9C7DC700C7A50D;
			remoteInfo = CodePathPreWork;
		};
		4FED62132A9C7DC800C7A50D /* PBXContainerItemProxy */ = {
			isa = PBXContainerItemProxy;
			containerPortal = 4FED61EA2A9C7DC700C7A50D /* Project object */;
			proxyType = 1;
			remoteGlobalIDString = 4FED61F12A9C7DC700C7A50D;
			remoteInfo = CodePathPreWork;
		};
/* End PBXContainerItemProxy section */

/* Begin PBXFileReference section */
		4FED61F22A9C7DC700C7A50D /* CodePathPreWork.app */ = {isa = PBXFileReference; explicitFileType = wrapper.application; includeInIndex = 0; path = CodePathPreWork.app; sourceTree = BUILT_PRODUCTS_DIR; };
		4FED61F52A9C7DC700C7A50D /* AppDelegate.swift */ = {isa = PBXFileReference; lastKnownFileType = sourcecode.swift; path = AppDelegate.swift; sourceTree = "<group>"; };
		4FED61F72A9C7DC700C7A50D /* SceneDelegate.swift */ = {isa = PBXFileReference; lastKnownFileType = sourcecode.swift; path = SceneDelegate.swift; sourceTree = "<group>"; };
		4FED61F92A9C7DC700C7A50D /* ViewController.swift */ = {isa = PBXFileReference; lastKnownFileType = sourcecode.swift; path = ViewController.swift; sourceTree = "<group>"; };
		4FED61FC2A9C7DC700C7A50D /* Base */ = {isa = PBXFileReference; lastKnownFileType = file.storyboard; name = Base; path = Base.lproj/Main.storyboard; sourceTree = "<group>"; };
		4FED61FE2A9C7DC800C7A50D /* Assets.xcassets */ = {isa = PBXFileReference; lastKnownFileType = folder.assetcatalog; path = Assets.xcassets; sourceTree = "<group>"; };
		4FED62012A9C7DC800C7A50D /* Base */ = {isa = PBXFileReference; lastKnownFileType = file.storyboard; name = Base; path = Base.lproj/LaunchScreen.storyboard; sourceTree = "<group>"; };
		4FED62032A9C7DC800C7A50D /* Info.plist */ = {isa = PBXFileReference; lastKnownFileType = text.plist.xml; path = Info.plist; sourceTree = "<group>"; };
		4FED62082A9C7DC800C7A50D /* CodePathPreWorkTests.xctest */ = {isa = PBXFileReference; explicitFileType = wrapper.cfbundle; includeInIndex = 0; path = CodePathPreWorkTests.xctest; sourceTree = BUILT_PRODUCTS_DIR; };
		4FED620C2A9C7DC800C7A50D /* CodePathPreWorkTests.swift */ = {isa = PBXFileReference; lastKnownFileType = sourcecode.swift; path = CodePathPreWorkTests.swift; sourceTree = "<group>"; };
		4FED62122A9C7DC800C7A50D /* CodePathPreWorkUITests.xctest */ = {isa = PBXFileReference; explicitFileType = wrapper.cfbundle; includeInIndex = 0; path = CodePathPreWorkUITests.xctest; sourceTree = BUILT_PRODUCTS_DIR; };
		4FED62162A9C7DC800C7A50D /* CodePathPreWorkUITests.swift */ = {isa = PBXFileReference; lastKnownFileType = sourcecode.swift; path = CodePathPreWorkUITests.swift; sourceTree = "<group>"; };
		4FED62182A9C7DC800C7A50D /* CodePathPreWorkUITestsLaunchTests.swift */ = {isa = PBXFileReference; lastKnownFileType = sourcecode.swift; path = CodePathPreWorkUITestsLaunchTests.swift; sourceTree = "<group>"; };
/* End PBXFileReference section */

/* Begin PBXFrameworksBuildPhase section */
		4FED61EF2A9C7DC700C7A50D /* Frameworks */ = {
			isa = PBXFrameworksBuildPhase;
			buildActionMask = 2147483647;
			files = (
			);
			runOnlyForDeploymentPostprocessing = 0;
		};
		4FED62052A9C7DC800C7A50D /* Frameworks */ = {
			isa = PBXFrameworksBuildPhase;
			buildActionMask = 2147483647;
			files = (
			);
			runOnlyForDeploymentPostprocessing = 0;
		};
		4FED620F2A9C7DC800C7A50D /* Frameworks */ = {
			isa = PBXFrameworksBuildPhase;
			buildActionMask = 2147483647;
			files = (
			);
			runOnlyForDeploymentPostprocessing = 0;
		};
/* End PBXFrameworksBuildPhase section */

/* Begin PBXGroup section */
		4FED61E92A9C7DC700C7A50D = {
			isa = PBXGroup;
			children = (
				4FED61F42A9C7DC700C7A50D /* CodePathPreWork */,
				4FED620B2A9C7DC800C7A50D /* CodePathPreWorkTests */,
				4FED62152A9C7DC800C7A50D /* CodePathPreWorkUITests */,
				4FED61F32A9C7DC700C7A50D /* Products */,
			);
			sourceTree = "<group>";
		};
		4FED61F32A9C7DC700C7A50D /* Products */ = {
			isa = PBXGroup;
			children = (
				4FED61F22A9C7DC700C7A50D /* CodePathPreWork.app */,
				4FED62082A9C7DC800C7A50D /* CodePathPreWorkTests.xctest */,
				4FED62122A9C7DC800C7A50D /* CodePathPreWorkUITests.xctest */,
			);
			name = Products;
			sourceTree = "<group>";
		};
		4FED61F42A9C7DC700C7A50D /* CodePathPreWork */ = {
			isa = PBXGroup;
			children = (
				4FED61F52A9C7DC700C7A50D /* AppDelegate.swift */,
				4FED61F72A9C7DC700C7A50D /* SceneDelegate.swift */,
				4FED61F92A9C7DC700C7A50D /* ViewController.swift */,
				4FED61FB2A9C7DC700C7A50D /* Main.storyboard */,
				4FED61FE2A9C7DC800C7A50D /* Assets.xcassets */,
				4FED62002A9C7DC800C7A50D /* LaunchScreen.storyboard */,
				4FED62032A9C7DC800C7A50D /* Info.plist */,
			);
			path = CodePathPreWork;
			sourceTree = "<group>";
		};
		4FED620B2A9C7DC800C7A50D /* CodePathPreWorkTests */ = {
			isa = PBXGroup;
			children = (
				4FED620C2A9C7DC800C7A50D /* CodePathPreWorkTests.swift */,
			);
			path = CodePathPreWorkTests;
			sourceTree = "<group>";
		};
		4FED62152A9C7DC800C7A50D /* CodePathPreWorkUITests */ = {
			isa = PBXGroup;
			children = (
				4FED62162A9C7DC800C7A50D /* CodePathPreWorkUITests.swift */,
				4FED62182A9C7DC800C7A50D /* CodePathPreWorkUITestsLaunchTests.swift */,
			);
			path = CodePathPreWorkUITests;
			sourceTree = "<group>";
		};
/* End PBXGroup section */

/* Begin PBXNativeTarget section */
		4FED61F12A9C7DC700C7A50D /* CodePathPreWork */ = {
			isa = PBXNativeTarget;
			buildConfigurationList = 4FED621C2A9C7DC800C7A50D /* Build configuration list for PBXNativeTarget "CodePathPreWork" */;
			buildPhases = (
				4FED61EE2A9C7DC700C7A50D /* Sources */,
				4FED61EF2A9C7DC700C7A50D /* Frameworks */,
				4FED61F02A9C7DC700C7A50D /* Resources */,
			);
			buildRules = (
			);
			dependencies = (
			);
			name = CodePathPreWork;
			productName = CodePathPreWork;
			productReference = 4FED61F22A9C7DC700C7A50D /* CodePathPreWork.app */;
			productType = "com.apple.product-type.application";
		};
		4FED62072A9C7DC800C7A50D /* CodePathPreWorkTests */ = {
			isa = PBXNativeTarget;
			buildConfigurationList = 4FED621F2A9C7DC800C7A50D /* Build configuration list for PBXNativeTarget "CodePathPreWorkTests" */;
			buildPhases = (
				4FED62042A9C7DC800C7A50D /* Sources */,
				4FED62052A9C7DC800C7A50D /* Frameworks */,
				4FED62062A9C7DC800C7A50D /* Resources */,
			);
			buildRules = (
			);
			dependencies = (
				4FED620A2A9C7DC800C7A50D /* PBXTargetDependency */,
			);
			name = CodePathPreWorkTests;
			productName = CodePathPreWorkTests;
			productReference = 4FED62082A9C7DC800C7A50D /* CodePathPreWorkTests.xctest */;
			productType = "com.apple.product-type.bundle.unit-test";
		};
		4FED62112A9C7DC800C7A50D /* CodePathPreWorkUITests */ = {
			isa = PBXNativeTarget;
			buildConfigurationList = 4FED62222A9C7DC800C7A50D /* Build configuration list for PBXNativeTarget "CodePathPreWorkUITests" */;
			buildPhases = (
				4FED620E2A9C7DC800C7A50D /* Sources */,
				4FED620F2A9C7DC800C7A50D /* Frameworks */,
				4FED62102A9C7DC800C7A50D /* Resources */,
			);
			buildRules = (
			);
			dependencies = (
				4FED62142A9C7DC800C7A50D /* PBXTargetDependency */,
			);
			name = CodePathPreWorkUITests;
			productName = CodePathPreWorkUITests;
			productReference = 4FED62122A9C7DC800C7A50D /* CodePathPreWorkUITests.xctest */;
			productType = "com.apple.product-type.bundle.ui-testing";
		};
/* End PBXNativeTarget section */

/* Begin PBXProject section */
		4FED61EA2A9C7DC700C7A50D /* Project object */ = {
			isa = PBXProject;
			attributes = {
				BuildIndependentTargetsInParallel = 1;
				LastSwiftUpdateCheck = 1430;
				LastUpgradeCheck = 1430;
				TargetAttributes = {
					4FED61F12A9C7DC700C7A50D = {
						CreatedOnToolsVersion = 14.3.1;
					};
					4FED62072A9C7DC800C7A50D = {
						CreatedOnToolsVersion = 14.3.1;
						TestTargetID = 4FED61F12A9C7DC700C7A50D;
					};
					4FED62112A9C7DC800C7A50D = {
						CreatedOnToolsVersion = 14.3.1;
						TestTargetID = 4FED61F12A9C7DC700C7A50D;
					};
				};
			};
			buildConfigurationList = 4FED61ED2A9C7DC700C7A50D /* Build configuration list for PBXProject "CodePathPreWork" */;
			compatibilityVersion = "Xcode 14.0";
			developmentRegion = en;
			hasScannedForEncodings = 0;
			knownRegions = (
				en,
				Base,
			);
			mainGroup = 4FED61E92A9C7DC700C7A50D;
			productRefGroup = 4FED61F32A9C7DC700C7A50D /* Products */;
			projectDirPath = "";
			projectRoot = "";
			targets = (
				4FED61F12A9C7DC700C7A50D /* CodePathPreWork */,
				4FED62072A9C7DC800C7A50D /* CodePathPreWorkTests */,
				4FED62112A9C7DC800C7A50D /* CodePathPreWorkUITests */,
			);
		};
/* End PBXProject section */

/* Begin PBXResourcesBuildPhase section */
		4FED61F02A9C7DC700C7A50D /* Resources */ = {
			isa = PBXResourcesBuildPhase;
			buildActionMask = 2147483647;
			files = (
				4FED62022A9C7DC800C7A50D /* LaunchScreen.storyboard in Resources */,
				4FED61FF2A9C7DC800C7A50D /* Assets.xcassets in Resources */,
				4FED61FD2A9C7DC700C7A50D /* Main.storyboard in Resources */,
			);
			runOnlyForDeploymentPostprocessing = 0;
		};
		4FED62062A9C7DC800C7A50D /* Resources */ = {
			isa = PBXResourcesBuildPhase;
			buildActionMask = 2147483647;
			files = (
			);
			runOnlyForDeploymentPostprocessing = 0;
		};
		4FED62102A9C7DC800C7A50D /* Resources */ = {
			isa = PBXResourcesBuildPhase;
			buildActionMask = 2147483647;
			files = (
			);
			runOnlyForDeploymentPostprocessing = 0;
		};
/* End PBXResourcesBuildPhase section */

/* Begin PBXSourcesBuildPhase section */
		4FED61EE2A9C7DC700C7A50D /* Sources */ = {
			isa = PBXSourcesBuildPhase;
			buildActionMask = 2147483647;
			files = (
				4FED61FA2A9C7DC700C7A50D /* ViewController.swift in Sources */,
				4FED61F62A9C7DC700C7A50D /* AppDelegate.swift in Sources */,
				4FED61F82A9C7DC700C7A50D /* SceneDelegate.swift in Sources */,
			);
			runOnlyForDeploymentPostprocessing = 0;
		};
		4FED62042A9C7DC800C7A50D /* Sources */ = {
			isa = PBXSourcesBuildPhase;
			buildActionMask = 2147483647;
			files = (
				4FED620D2A9C7DC800C7A50D /* CodePathPreWorkTests.swift in Sources */,
			);
			runOnlyForDeploymentPostprocessing = 0;
		};
		4FED620E2A9C7DC800C7A50D /* Sources */ = {
			isa = PBXSourcesBuildPhase;
			buildActionMask = 2147483647;
			files = (
				4FED62172A9C7DC800C7A50D /* CodePathPreWorkUITests.swift in Sources */,
				4FED62192A9C7DC800C7A50D /* CodePathPreWorkUITestsLaunchTests.swift in Sources */,
			);
			runOnlyForDeploymentPostprocessing = 0;
		};
/* End PBXSourcesBuildPhase section */

/* Begin PBXTargetDependency section */
		4FED620A2A9C7DC800C7A50D /* PBXTargetDependency */ = {
			isa = PBXTargetDependency;
			target = 4FED61F12A9C7DC700C7A50D /* CodePathPreWork */;
			targetProxy = 4FED62092A9C7DC800C7A50D /* PBXContainerItemProxy */;
		};
		4FED62142A9C7DC800C7A50D /* PBXTargetDependency */ = {
			isa = PBXTargetDependency;
			target = 4FED61F12A9C7DC700C7A50D /* CodePathPreWork */;
			targetProxy = 4FED62132A9C7DC800C7A50D /* PBXContainerItemProxy */;
		};
/* End PBXTargetDependency section */

/* Begin PBXVariantGroup section */
		4FED61FB2A9C7DC700C7A50D /* Main.storyboard */ = {
			isa = PBXVariantGroup;
			children = (
				4FED61FC2A9C7DC700C7A50D /* Base */,
			);
			name = Main.storyboard;
			sourceTree = "<group>";
		};
		4FED62002A9C7DC800C7A50D /* LaunchScreen.storyboard */ = {
			isa = PBXVariantGroup;
			children = (
				4FED62012A9C7DC800C7A50D /* Base */,
			);
			name = LaunchScreen.storyboard;
			sourceTree = "<group>";
		};
/* End PBXVariantGroup section */

/* Begin XCBuildConfiguration section */
		4FED621A2A9C7DC800C7A50D /* Debug */ = {
			isa = XCBuildConfiguration;
			buildSettings = {
				ALWAYS_SEARCH_USER_PATHS = NO;
				CLANG_ANALYZER_NONNULL = YES;
				CLANG_ANALYZER_NUMBER_OBJECT_CONVERSION = YES_AGGRESSIVE;
				CLANG_CXX_LANGUAGE_STANDARD = "gnu++20";
				CLANG_ENABLE_MODULES = YES;
				CLANG_ENABLE_OBJC_ARC = YES;
				CLANG_ENABLE_OBJC_WEAK = YES;
				CLANG_WARN_BLOCK_CAPTURE_AUTORELEASING = YES;
				CLANG_WARN_BOOL_CONVERSION = YES;
				CLANG_WARN_COMMA = YES;
				CLANG_WARN_CONSTANT_CONVERSION = YES;
				CLANG_WARN_DEPRECATED_OBJC_IMPLEMENTATIONS = YES;
				CLANG_WARN_DIRECT_OBJC_ISA_USAGE = YES_ERROR;
				CLANG_WARN_DOCUMENTATION_COMMENTS = YES;
				CLANG_WARN_EMPTY_BODY = YES;
				CLANG_WARN_ENUM_CONVERSION = YES;
				CLANG_WARN_INFINITE_RECURSION = YES;
				CLANG_WARN_INT_CONVERSION = YES;
				CLANG_WARN_NON_LITERAL_NULL_CONVERSION = YES;
				CLANG_WARN_OBJC_IMPLICIT_RETAIN_SELF = YES;
				CLANG_WARN_OBJC_LITERAL_CONVERSION = YES;
				CLANG_WARN_OBJC_ROOT_CLASS = YES_ERROR;
				CLANG_WARN_QUOTED_INCLUDE_IN_FRAMEWORK_HEADER = YES;
				CLANG_WARN_RANGE_LOOP_ANALYSIS = YES;
				CLANG_WARN_STRICT_PROTOTYPES = YES;
				CLANG_WARN_SUSPICIOUS_MOVE = YES;
				CLANG_WARN_UNGUARDED_AVAILABILITY = YES_AGGRESSIVE;
				CLANG_WARN_UNREACHABLE_CODE = YES;
				CLANG_WARN__DUPLICATE_METHOD_MATCH = YES;
				COPY_PHASE_STRIP = NO;
				DEBUG_INFORMATION_FORMAT = dwarf;
				ENABLE_STRICT_OBJC_MSGSEND = YES;
				ENABLE_TESTABILITY = YES;
				GCC_C_LANGUAGE_STANDARD = gnu11;
				GCC_DYNAMIC_NO_PIC = NO;
				GCC_NO_COMMON_BLOCKS = YES;
				GCC_OPTIMIZATION_LEVEL = 0;
				GCC_PREPROCESSOR_DEFINITIONS = (
					"DEBUG=1",
					"$(inherited)",
				);
				GCC_WARN_64_TO_32_BIT_CONVERSION = YES;
				GCC_WARN_ABOUT_RETURN_TYPE = YES_ERROR;
				GCC_WARN_UNDECLARED_SELECTOR = YES;
				GCC_WARN_UNINITIALIZED_AUTOS = YES_AGGRESSIVE;
				GCC_WARN_UNUSED_FUNCTION = YES;
				GCC_WARN_UNUSED_VARIABLE = YES;
				IPHONEOS_DEPLOYMENT_TARGET = 16.4;
				MTL_ENABLE_DEBUG_INFO = INCLUDE_SOURCE;
				MTL_FAST_MATH = YES;
				ONLY_ACTIVE_ARCH = YES;
				SDKROOT = iphoneos;
				SWIFT_ACTIVE_COMPILATION_CONDITIONS = DEBUG;
				SWIFT_OPTIMIZATION_LEVEL = "-Onone";
			};
			name = Debug;
		};
		4FED621B2A9C7DC800C7A50D /* Release */ = {
			isa = XCBuildConfiguration;
			buildSettings = {
				ALWAYS_SEARCH_USER_PATHS = NO;
				CLANG_ANALYZER_NONNULL = YES;
				CLANG_ANALYZER_NUMBER_OBJECT_CONVERSION = YES_AGGRESSIVE;
				CLANG_CXX_LANGUAGE_STANDARD = "gnu++20";
				CLANG_ENABLE_MODULES = YES;
				CLANG_ENABLE_OBJC_ARC = YES;
				CLANG_ENABLE_OBJC_WEAK = YES;
				CLANG_WARN_BLOCK_CAPTURE_AUTORELEASING = YES;
				CLANG_WARN_BOOL_CONVERSION = YES;
				CLANG_WARN_COMMA = YES;
				CLANG_WARN_CONSTANT_CONVERSION = YES;
				CLANG_WARN_DEPRECATED_OBJC_IMPLEMENTATIONS = YES;
				CLANG_WARN_DIRECT_OBJC_ISA_USAGE = YES_ERROR;
				CLANG_WARN_DOCUMENTATION_COMMENTS = YES;
				CLANG_WARN_EMPTY_BODY = YES;
				CLANG_WARN_ENUM_CONVERSION = YES;
				CLANG_WARN_INFINITE_RECURSION = YES;
				CLANG_WARN_INT_CONVERSION = YES;
				CLANG_WARN_NON_LITERAL_NULL_CONVERSION = YES;
				CLANG_WARN_OBJC_IMPLICIT_RETAIN_SELF = YES;
				CLANG_WARN_OBJC_LITERAL_CONVERSION = YES;
				CLANG_WARN_OBJC_ROOT_CLASS = YES_ERROR;
				CLANG_WARN_QUOTED_INCLUDE_IN_FRAMEWORK_HEADER = YES;
				CLANG_WARN_RANGE_LOOP_ANALYSIS = YES;
				CLANG_WARN_STRICT_PROTOTYPES = YES;
				CLANG_WARN_SUSPICIOUS_MOVE = YES;
				CLANG_WARN_UNGUARDED_AVAILABILITY = YES_AGGRESSIVE;
				CLANG_WARN_UNREACHABLE_CODE = YES;
				CLANG_WARN__DUPLICATE_METHOD_MATCH = YES;
				COPY_PHASE_STRIP = NO;
				DEBUG_INFORMATION_FORMAT = "dwarf-with-dsym";
				ENABLE_NS_ASSERTIONS = NO;
				ENABLE_STRICT_OBJC_MSGSEND = YES;
				GCC_C_LANGUAGE_STANDARD = gnu11;
				GCC_NO_COMMON_BLOCKS = YES;
				GCC_WARN_64_TO_32_BIT_CONVERSION = YES;
				GCC_WARN_ABOUT_RETURN_TYPE = YES_ERROR;
				GCC_WARN_UNDECLARED_SELECTOR = YES;
				GCC_WARN_UNINITIALIZED_AUTOS = YES_AGGRESSIVE;
				GCC_WARN_UNUSED_FUNCTION = YES;
				GCC_WARN_UNUSED_VARIABLE = YES;
				IPHONEOS_DEPLOYMENT_TARGET = 16.4;
				MTL_ENABLE_DEBUG_INFO = NO;
				MTL_FAST_MATH = YES;
				SDKROOT = iphoneos;
				SWIFT_COMPILATION_MODE = wholemodule;
				SWIFT_OPTIMIZATION_LEVEL = "-O";
				VALIDATE_PRODUCT = YES;
			};
			name = Release;
		};
		4FED621D2A9C7DC800C7A50D /* Debug */ = {
			isa = XCBuildConfiguration;
			buildSettings = {
				ASSETCATALOG_COMPILER_APPICON_NAME = AppIcon;
				ASSETCATALOG_COMPILER_GLOBAL_ACCENT_COLOR_NAME = AccentColor;
				CODE_SIGN_STYLE = Automatic;
				CURRENT_PROJECT_VERSION = 1;
				GENERATE_INFOPLIST_FILE = YES;
				INFOPLIST_FILE = CodePathPreWork/Info.plist;
				INFOPLIST_KEY_UIApplicationSupportsIndirectInputEvents = YES;
				INFOPLIST_KEY_UILaunchStoryboardName = LaunchScreen;
				INFOPLIST_KEY_UIMainStoryboardFile = Main;
				INFOPLIST_KEY_UISupportedInterfaceOrientations_iPad = "UIInterfaceOrientationPortrait UIInterfaceOrientationPortraitUpsideDown UIInterfaceOrientationLandscapeLeft UIInterfaceOrientationLandscapeRight";
				INFOPLIST_KEY_UISupportedInterfaceOrientations_iPhone = "UIInterfaceOrientationPortrait UIInterfaceOrientationLandscapeLeft UIInterfaceOrientationLandscapeRight";
				LD_RUNPATH_SEARCH_PATHS = (
					"$(inherited)",
					"@executable_path/Frameworks",
				);
				MARKETING_VERSION = 1.0;
				PRODUCT_BUNDLE_IDENTIFIER = CodePathPreWork.CodePathPreWork;
				PRODUCT_NAME = "$(TARGET_NAME)";
				SWIFT_EMIT_LOC_STRINGS = YES;
				SWIFT_VERSION = 5.0;
				TARGETED_DEVICE_FAMILY = "1,2";
			};
			name = Debug;
		};
		4FED621E2A9C7DC800C7A50D /* Release */ = {
			isa = XCBuildConfiguration;
			buildSettings = {
				ASSETCATALOG_COMPILER_APPICON_NAME = AppIcon;
				ASSETCATALOG_COMPILER_GLOBAL_ACCENT_COLOR_NAME = AccentColor;
				CODE_SIGN_STYLE = Automatic;
				CURRENT_PROJECT_VERSION = 1;
				GENERATE_INFOPLIST_FILE = YES;
				INFOPLIST_FILE = CodePathPreWork/Info.plist;
				INFOPLIST_KEY_UIApplicationSupportsIndirectInputEvents = YES;
				INFOPLIST_KEY_UILaunchStoryboardName = LaunchScreen;
				INFOPLIST_KEY_UIMainStoryboardFile = Main;
				INFOPLIST_KEY_UISupportedInterfaceOrientations_iPad = "UIInterfaceOrientationPortrait UIInterfaceOrientationPortraitUpsideDown UIInterfaceOrientationLandscapeLeft UIInterfaceOrientationLandscapeRight";
				INFOPLIST_KEY_UISupportedInterfaceOrientations_iPhone = "UIInterfaceOrientationPortrait UIInterfaceOrientationLandscapeLeft UIInterfaceOrientationLandscapeRight";
				LD_RUNPATH_SEARCH_PATHS = (
					"$(inherited)",
					"@executable_path/Frameworks",
				);
				MARKETING_VERSION = 1.0;
				PRODUCT_BUNDLE_IDENTIFIER = CodePathPreWork.CodePathPreWork;
				PRODUCT_NAME = "$(TARGET_NAME)";
				SWIFT_EMIT_LOC_STRINGS = YES;
				SWIFT_VERSION = 5.0;
				TARGETED_DEVICE_FAMILY = "1,2";
			};
			name = Release;
		};
		4FED62202A9C7DC800C7A50D /* Debug */ = {
			isa = XCBuildConfiguration;
			buildSettings = {
				ALWAYS_EMBED_SWIFT_STANDARD_LIBRARIES = YES;
				BUNDLE_LOADER = "$(TEST_HOST)";
				CODE_SIGN_STYLE = Automatic;
				CURRENT_PROJECT_VERSION = 1;
				GENERATE_INFOPLIST_FILE = YES;
				IPHONEOS_DEPLOYMENT_TARGET = 16.4;
				MARKETING_VERSION = 1.0;
				PRODUCT_BUNDLE_IDENTIFIER = CodePathPreWork.CodePathPreWorkTests;
				PRODUCT_NAME = "$(TARGET_NAME)";
				SWIFT_EMIT_LOC_STRINGS = NO;
				SWIFT_VERSION = 5.0;
				TARGETED_DEVICE_FAMILY = "1,2";
				TEST_HOST = "$(BUILT_PRODUCTS_DIR)/CodePathPreWork.app/$(BUNDLE_EXECUTABLE_FOLDER_PATH)/CodePathPreWork";
			};
			name = Debug;
		};
		4FED62212A9C7DC800C7A50D /* Release */ = {
			isa = XCBuildConfiguration;
			buildSettings = {
				ALWAYS_EMBED_SWIFT_STANDARD_LIBRARIES = YES;
				BUNDLE_LOADER = "$(TEST_HOST)";
				CODE_SIGN_STYLE = Automatic;
				CURRENT_PROJECT_VERSION = 1;
				GENERATE_INFOPLIST_FILE = YES;
				IPHONEOS_DEPLOYMENT_TARGET = 16.4;
				MARKETING_VERSION = 1.0;
				PRODUCT_BUNDLE_IDENTIFIER = CodePathPreWork.CodePathPreWorkTests;
				PRODUCT_NAME = "$(TARGET_NAME)";
				SWIFT_EMIT_LOC_STRINGS = NO;
				SWIFT_VERSION = 5.0;
				TARGETED_DEVICE_FAMILY = "1,2";
				TEST_HOST = "$(BUILT_PRODUCTS_DIR)/CodePathPreWork.app/$(BUNDLE_EXECUTABLE_FOLDER_PATH)/CodePathPreWork";
			};
			name = Release;
		};
		4FED62232A9C7DC800C7A50D /* Debug */ = {
			isa = XCBuildConfiguration;
			buildSettings = {
				ALWAYS_EMBED_SWIFT_STANDARD_LIBRARIES = YES;
				CODE_SIGN_STYLE = Automatic;
				CURRENT_PROJECT_VERSION = 1;
				GENERATE_INFOPLIST_FILE = YES;
				MARKETING_VERSION = 1.0;
				PRODUCT_BUNDLE_IDENTIFIER = CodePathPreWork.CodePathPreWorkUITests;
				PRODUCT_NAME = "$(TARGET_NAME)";
				SWIFT_EMIT_LOC_STRINGS = NO;
				SWIFT_VERSION = 5.0;
				TARGETED_DEVICE_FAMILY = "1,2";
				TEST_TARGET_NAME = CodePathPreWork;
			};
			name = Debug;
		};
		4FED62242A9C7DC800C7A50D /* Release */ = {
			isa = XCBuildConfiguration;
			buildSettings = {
				ALWAYS_EMBED_SWIFT_STANDARD_LIBRARIES = YES;
				CODE_SIGN_STYLE = Automatic;
				CURRENT_PROJECT_VERSION = 1;
				GENERATE_INFOPLIST_FILE = YES;
				MARKETING_VERSION = 1.0;
				PRODUCT_BUNDLE_IDENTIFIER = CodePathPreWork.CodePathPreWorkUITests;
				PRODUCT_NAME = "$(TARGET_NAME)";
				SWIFT_EMIT_LOC_STRINGS = NO;
				SWIFT_VERSION = 5.0;
				TARGETED_DEVICE_FAMILY = "1,2";
				TEST_TARGET_NAME = CodePathPreWork;
			};
			name = Release;
		};
/* End XCBuildConfiguration section */

/* Begin XCConfigurationList section */
		4FED61ED2A9C7DC700C7A50D /* Build configuration list for PBXProject "CodePathPreWork" */ = {
			isa = XCConfigurationList;
			buildConfigurations = (
				4FED621A2A9C7DC800C7A50D /* Debug */,
				4FED621B2A9C7DC800C7A50D /* Release */,
			);
			defaultConfigurationIsVisible = 0;
			defaultConfigurationName = Release;
		};
		4FED621C2A9C7DC800C7A50D /* Build configuration list for PBXNativeTarget "CodePathPreWork" */ = {
			isa = XCConfigurationList;
			buildConfigurations = (
				4FED621D2A9C7DC800C7A50D /* Debug */,
				4FED621E2A9C7DC800C7A50D /* Release */,
			);
			defaultConfigurationIsVisible = 0;
			defaultConfigurationName = Release;
		};
		4FED621F2A9C7DC800C7A50D /* Build configuration list for PBXNativeTarget "CodePathPreWorkTests" */ = {
			isa = XCConfigurationList;
			buildConfigurations = (
				4FED62202A9C7DC800C7A50D /* Debug */,
				4FED62212A9C7DC800C7A50D /* Release */,
			);
			defaultConfigurationIsVisible = 0;
			defaultConfigurationName = Release;
		};
		4FED62222A9C7DC800C7A50D /* Build configuration list for PBXNativeTarget "CodePathPreWorkUITests" */ = {
			isa = XCConfigurationList;
			buildConfigurations = (
				4FED62232A9C7DC800C7A50D /* Debug */,
				4FED62242A9C7DC800C7A50D /* Release */,
			);
			defaultConfigurationIsVisible = 0;
			defaultConfigurationName = Release;
		};
/* End XCConfigurationList section */
	};
	rootObject = 4FED61EA2A9C7DC700C7A50D /* Project object */;
}
